
Microsoft Visual Studio Solution File, Format Version 12.00
# Visual Studio Version 16
VisualStudioVersion = 16.0.32126.315
MinimumVisualStudioVersion = 10.0.40219.1
Project("{9A19103F-16F7-4668-BE54-9A1E7A4F7556}") = "for loop ,break,contiune", "for loop ,break,contiune\for loop ,break,contiune.csproj", "{9428CEAE-D6EA-4AFC-80B8-E3F24AFFB9AB}"
EndProject
Project("{9A19103F-16F7-4668-BE54-9A1E7A4F7556}") = "WhileForeach", "WhileForeach\WhileForeach.csproj", "{2EDD53A1-6CAF-454C-8F07-3811E75B3C02}"
EndProject
Project("{9A19103F-16F7-4668-BE54-9A1E7A4F7556}") = "Array", "Array\Array.csproj", "{8793FBB2-CCD5-42AF-AD01-0738A96820BA}"
EndProject
Project("{9A19103F-16F7-4668-BE54-9A1E7A4F7556}") = "array2", "ConsoleApp1\array2.csproj", "{1D1C56FA-A342-413D-AC66-95E28C861369}"
EndProject
Project("{9A19103F-16F7-4668-BE54-9A1E7A4F7556}") = "Metotlar", "Metotlar\Metotlar.csproj", "{E42AF74F-0A21-41D8-87EC-C722F4736DC8}"
EndProject
Project("{9A19103F-16F7-4668-BE54-9A1E7A4F7556}") = "Metotlar2Overloading", "Metotlar2Overloading\Metotlar2Overloading.csproj", "{00030C4E-21F5-474E-B712-C7F79E4972F3}"
EndProject
Project("{9A19103F-16F7-4668-BE54-9A1E7A4F7556}") = "recursive func", "recursive func\recursive func.csproj", "{0FB82ED6-480C-4A66-80B1-A909721CDF6F}"
EndProject
Project("{9A19103F-16F7-4668-BE54-9A1E7A4F7556}") = "homework", "homework\homework.csproj", "{D304AF79-C7E1-4802-BC58-A846E1DB07B8}"
EndProject
Project("{FAE04EC0-301F-11D3-BF4B-00C04F79EFBC}") = "HazırMetodlar-1-string", "HazırMetodlar-1-string\HazırMetodlar-1-string.csproj", "{BC3450E0-7E12-4B13-94FD-46679770C0EB}"
EndProject
Global
	GlobalSection(SolutionConfigurationPlatforms) = preSolution
		Debug|Any CPU = Debug|Any CPU
		Release|Any CPU = Release|Any CPU
	EndGlobalSection
	GlobalSection(ProjectConfigurationPlatforms) = postSolution
		{9428CEAE-D6EA-4AFC-80B8-E3F24AFFB9AB}.Debug|Any CPU.ActiveCfg = Debug|Any CPU
		{9428CEAE-D6EA-4AFC-80B8-E3F24AFFB9AB}.Debug|Any CPU.Build.0 = Debug|Any CPU
		{9428CEAE-D6EA-4AFC-80B8-E3F24AFFB9AB}.Release|Any CPU.ActiveCfg = Release|Any CPU
		{9428CEAE-D6EA-4AFC-80B8-E3F24AFFB9AB}.Release|Any CPU.Build.0 = Release|Any CPU
		{2EDD53A1-6CAF-454C-8F07-3811E75B3C02}.Debug|Any CPU.ActiveCfg = Debug|Any CPU
		{2EDD53A1-6CAF-454C-8F07-3811E75B3C02}.Debug|Any CPU.Build.0 = Debug|Any CPU
		{2EDD53A1-6CAF-454C-8F07-3811E75B3C02}.Release|Any CPU.ActiveCfg = Release|Any CPU
		{2EDD53A1-6CAF-454C-8F07-3811E75B3C02}.Release|Any CPU.Build.0 = Release|Any CPU
		{8793FBB2-CCD5-42AF-AD01-0738A96820BA}.Debug|Any CPU.ActiveCfg = Debug|Any CPU
		{8793FBB2-CCD5-42AF-AD01-0738A96820BA}.Debug|Any CPU.Build.0 = Debug|Any CPU
		{8793FBB2-CCD5-42AF-AD01-0738A96820BA}.Release|Any CPU.ActiveCfg = Release|Any CPU
		{8793FBB2-CCD5-42AF-AD01-0738A96820BA}.Release|Any CPU.Build.0 = Release|Any CPU
		{1D1C56FA-A342-413D-AC66-95E28C861369}.Debug|Any CPU.ActiveCfg = Debug|Any CPU
		{1D1C56FA-A342-413D-AC66-95E28C861369}.Debug|Any CPU.Build.0 = Debug|Any CPU
		{1D1C56FA-A342-413D-AC66-95E28C861369}.Release|Any CPU.ActiveCfg = Release|Any CPU
		{1D1C56FA-A342-413D-AC66-95E28C861369}.Release|Any CPU.Build.0 = Release|Any CPU
		{E42AF74F-0A21-41D8-87EC-C722F4736DC8}.Debug|Any CPU.ActiveCfg = Debug|Any CPU
		{E42AF74F-0A21-41D8-87EC-C722F4736DC8}.Debug|Any CPU.Build.0 = Debug|Any CPU
		{E42AF74F-0A21-41D8-87EC-C722F4736DC8}.Release|Any CPU.ActiveCfg = Release|Any CPU
		{E42AF74F-0A21-41D8-87EC-C722F4736DC8}.Release|Any CPU.Build.0 = Release|Any CPU
		{00030C4E-21F5-474E-B712-C7F79E4972F3}.Debug|Any CPU.ActiveCfg = Debug|Any CPU
		{00030C4E-21F5-474E-B712-C7F79E4972F3}.Debug|Any CPU.Build.0 = Debug|Any CPU
		{00030C4E-21F5-474E-B712-C7F79E4972F3}.Release|Any CPU.ActiveCfg = Release|Any CPU
		{00030C4E-21F5-474E-B712-C7F79E4972F3}.Release|Any CPU.Build.0 = Release|Any CPU
		{0FB82ED6-480C-4A66-80B1-A909721CDF6F}.Debug|Any CPU.ActiveCfg = Debug|Any CPU
		{0FB82ED6-480C-4A66-80B1-A909721CDF6F}.Debug|Any CPU.Build.0 = Debug|Any CPU
		{0FB82ED6-480C-4A66-80B1-A909721CDF6F}.Release|Any CPU.ActiveCfg = Release|Any CPU
		{0FB82ED6-480C-4A66-80B1-A909721CDF6F}.Release|Any CPU.Build.0 = Release|Any CPU
		{D304AF79-C7E1-4802-BC58-A846E1DB07B8}.Debug|Any CPU.ActiveCfg = Debug|Any CPU
		{D304AF79-C7E1-4802-BC58-A846E1DB07B8}.Debug|Any CPU.Build.0 = Debug|Any CPU
		{D304AF79-C7E1-4802-BC58-A846E1DB07B8}.Release|Any CPU.ActiveCfg = Release|Any CPU
		{D304AF79-C7E1-4802-BC58-A846E1DB07B8}.Release|Any CPU.Build.0 = Release|Any CPU
		{BC3450E0-7E12-4B13-94FD-46679770C0EB}.Debug|Any CPU.ActiveCfg = Debug|Any CPU
		{BC3450E0-7E12-4B13-94FD-46679770C0EB}.Debug|Any CPU.Build.0 = Debug|Any CPU
		{BC3450E0-7E12-4B13-94FD-46679770C0EB}.Release|Any CPU.ActiveCfg = Release|Any CPU
		{BC3450E0-7E12-4B13-94FD-46679770C0EB}.Release|Any CPU.Build.0 = Release|Any CPU
	EndGlobalSection
	GlobalSection(SolutionProperties) = preSolution
		HideSolutionNode = FALSE
	EndGlobalSection
	GlobalSection(ExtensibilityGlobals) = postSolution
		SolutionGuid = {64813178-7C35-4A4A-9C3F-84B097CF0D13}
	EndGlobalSection
EndGlobal
